
Microsoft Visual Studio Solution File, Format Version 11.00
# Visual Studio 2010
Project("{FAE04EC0-301F-11D3-BF4B-00C04F79EFBC}") = "Viking Football Simulator", "Viking Football Simulator\Viking Football Simulator\Viking Football Simulator.csproj", "{E6304EB0-6709-4348-922C-0E78FFCA5F42}"
EndProject
Project("{96E2B04D-8817-42C6-938A-82C39BA4D311}") = "Viking Football SimulatorContent", "Viking Football Simulator\Viking Football SimulatorContent\Viking Football SimulatorContent.contentproj", "{E5B94E98-18A0-4D77-A40B-1DEA77031E3D}"
EndProject
Global
	GlobalSection(SolutionConfigurationPlatforms) = preSolution
		Debug|x86 = Debug|x86
		Release|x86 = Release|x86
	EndGlobalSection
	GlobalSection(ProjectConfigurationPlatforms) = postSolution
		{E6304EB0-6709-4348-922C-0E78FFCA5F42}.Debug|x86.ActiveCfg = Debug|x86
		{E6304EB0-6709-4348-922C-0E78FFCA5F42}.Debug|x86.Build.0 = Debug|x86
		{E6304EB0-6709-4348-922C-0E78FFCA5F42}.Release|x86.ActiveCfg = Release|x86
		{E6304EB0-6709-4348-922C-0E78FFCA5F42}.Release|x86.Build.0 = Release|x86
		{E5B94E98-18A0-4D77-A40B-1DEA77031E3D}.Debug|x86.ActiveCfg = Debug|x86
		{E5B94E98-18A0-4D77-A40B-1DEA77031E3D}.Release|x86.ActiveCfg = Release|x86
	EndGlobalSection
	GlobalSection(SolutionProperties) = preSolution
		HideSolutionNode = FALSE
	EndGlobalSection
EndGlobal
